PODS:
  - audioplayers_darwin (0.0.1):
    - Flutter
  - camerawesome (0.0.1):
    - Flutter
    - JPSVolumeButtonHandler
  - cloud_firestore (4.8.1):
    - Firebase/Firestore (= 10.12.0)
    - firebase_core
    - Flutter
    - nanopb (< 2.30910.0, >= 2.30908.0)
  - Firebase/Auth (10.12.0):
    - Firebase/CoreOnly
    - FirebaseAuth (~> 10.12.0)
  - Firebase/CoreOnly (10.12.0):
    - FirebaseCore (= 10.12.0)
  - Firebase/Firestore (10.12.0):
    - Firebase/CoreOnly
    - FirebaseFirestore (~> 10.12.0)
  - Firebase/Storage (10.12.0):
    - Firebase/CoreOnly
    - FirebaseStorage (~> 10.12.0)
  - firebase_auth (4.6.3):
    - Firebase/Auth (= 10.12.0)
    - firebase_core
    - Flutter
  - firebase_core (2.14.0):
    - Firebase/CoreOnly (= 10.12.0)
    - Flutter
  - firebase_storage (11.2.3):
    - Firebase/Storage (= 10.12.0)
    - firebase_core
    - Flutter
  - FirebaseAppCheckInterop (10.19.0)
  - FirebaseAuth (10.12.0):
    - FirebaseAppCheckInterop (~> 10.0)
    - FirebaseCore (~> 10.0)
    - GoogleUtilities/AppDelegateSwizzler (~> 7.8)
    - GoogleUtilities/Environment (~> 7.8)
    - GTMSessionFetcher/Core (< 4.0, >= 2.1)
  - FirebaseAuthInterop (10.19.0)
  - FirebaseCore (10.12.0):
    - FirebaseCoreInternal (~> 10.0)
    - GoogleUtilities/Environment (~> 7.8)
    - GoogleUtilities/Logger (~> 7.8)
  - FirebaseCoreExtension (10.19.0):
    - FirebaseCore (~> 10.0)
  - FirebaseCoreInternal (10.19.0):
    - "GoogleUtilities/NSData+zlib (~> 7.8)"
  - FirebaseFirestore (10.12.0):
    - FirebaseFirestore/AutodetectLeveldb (= 10.12.0)
  - FirebaseFirestore/AutodetectLeveldb (10.12.0):
    - FirebaseFirestore/Base
    - FirebaseFirestore/WithLeveldb
  - FirebaseFirestore/Base (10.12.0)
  - FirebaseFirestore/WithLeveldb (10.12.0):
    - FirebaseFirestore/Base
  - FirebaseStorage (10.12.0):
    - FirebaseAppCheckInterop (~> 10.0)
    - FirebaseAuthInterop (~> 10.0)
    - FirebaseCore (~> 10.0)
    - FirebaseCoreExtension (~> 10.0)
    - GTMSessionFetcher/Core (< 4.0, >= 2.1)
  - Flutter (1.0.0)
  - flutter_keyboard_visibility (0.0.1):
    - Flutter
  - flutter_native_splash (0.0.1):
    - Flutter
  - FMDB (2.7.5):
    - FMDB/standard (= 2.7.5)
  - FMDB/standard (2.7.5)
  - geocoding_ios (1.0.5):
    - Flutter
  - geolocator_apple (1.2.0):
    - Flutter
  - GoogleUtilities/AppDelegateSwizzler (7.12.0):
    - GoogleUtilities/Environment
    - GoogleUtilities/Logger
    - GoogleUtilities/Network
  - GoogleUtilities/Environment (7.12.0):
    - PromisesObjC (< 3.0, >= 1.2)
  - GoogleUtilities/Logger (7.12.0):
    - GoogleUtilities/Environment
  - GoogleUtilities/Network (7.12.0):
    - GoogleUtilities/Logger
    - "GoogleUtilities/NSData+zlib"
    - GoogleUtilities/Reachability
  - "GoogleUtilities/NSData+zlib (7.12.0)"
  - GoogleUtilities/Reachability (7.12.0):
    - GoogleUtilities/Logger
  - GTMSessionFetcher/Core (3.2.0)
  - image_picker_ios (0.0.1):
    - Flutter
  - JPSVolumeButtonHandler (1.0.5)
  - libwebp (1.3.2):
    - libwebp/demux (= 1.3.2)
    - libwebp/mux (= 1.3.2)
    - libwebp/sharpyuv (= 1.3.2)
    - libwebp/webp (= 1.3.2)
  - libwebp/demux (1.3.2):
    - libwebp/webp
  - libwebp/mux (1.3.2):
    - libwebp/demux
  - libwebp/sharpyuv (1.3.2)
  - libwebp/webp (1.3.2):
    - libwebp/sharpyuv
  - nanopb (2.30909.1):
    - nanopb/decode (= 2.30909.1)
    - nanopb/encode (= 2.30909.1)
  - nanopb/decode (2.30909.1)
  - nanopb/encode (2.30909.1)
  - path_provider_foundation (0.0.1):
    - Flutter
    - FlutterMacOS
  - PromisesObjC (2.3.1)
  - share_plus (0.0.1):
    - Flutter
  - sqflite (0.0.3):
    - Flutter
    - FMDB (>= 2.7.5)
  - video_player_avfoundation (0.0.1):
    - Flutter
  - video_thumbnail (0.0.1):
    - Flutter
    - libwebp

DEPENDENCIES:
  - audioplayers_darwin (from `.symlinks/plugins/audioplayers_darwin/ios`)
  - camerawesome (from `.symlinks/plugins/camerawesome/ios`)
  - cloud_firestore (from `.symlinks/plugins/cloud_firestore/ios`)
  - firebase_auth (from `.symlinks/plugins/firebase_auth/ios`)
  - firebase_core (from `.symlinks/plugins/firebase_core/ios`)
  - firebase_storage (from `.symlinks/plugins/firebase_storage/ios`)
  - FirebaseFirestore (from `https://github.com/invertase/firestore-ios-sdk-frameworks.git`, tag `10.12.0`)
  - Flutter (from `Flutter`)
  - flutter_keyboard_visibility (from `.symlinks/plugins/flutter_keyboard_visibility/ios`)
  - flutter_native_splash (from `.symlinks/plugins/flutter_native_splash/ios`)
  - geocoding_ios (from `.symlinks/plugins/geocoding_ios/ios`)
  - geolocator_apple (from `.symlinks/plugins/geolocator_apple/ios`)
  - image_picker_ios (from `.symlinks/plugins/image_picker_ios/ios`)
  - path_provider_foundation (from `.symlinks/plugins/path_provider_foundation/darwin`)
  - share_plus (from `.symlinks/plugins/share_plus/ios`)
  - sqflite (from `.symlinks/plugins/sqflite/ios`)
  - video_player_avfoundation (from `.symlinks/plugins/video_player_avfoundation/ios`)
  - video_thumbnail (from `.symlinks/plugins/video_thumbnail/ios`)

SPEC REPOS:
  trunk:
    - Firebase
    - FirebaseAppCheckInterop
    - FirebaseAuth
    - FirebaseAuthInterop
    - FirebaseCore
    - FirebaseCoreExtension
    - FirebaseCoreInternal
    - FirebaseStorage
    - FMDB
    - GoogleUtilities
    - GTMSessionFetcher
    - JPSVolumeButtonHandler
    - libwebp
    - nanopb
    - PromisesObjC

EXTERNAL SOURCES:
  audioplayers_darwin:
    :path: ".symlinks/plugins/audioplayers_darwin/ios"
  camerawesome:
    :path: ".symlinks/plugins/camerawesome/ios"
  cloud_firestore:
    :path: ".symlinks/plugins/cloud_firestore/ios"
  firebase_auth:
    :path: ".symlinks/plugins/firebase_auth/ios"
  firebase_core:
    :path: ".symlinks/plugins/firebase_core/ios"
  firebase_storage:
    :path: ".symlinks/plugins/firebase_storage/ios"
  FirebaseFirestore:
    :git: https://github.com/invertase/firestore-ios-sdk-frameworks.git
    :tag: 10.12.0
  Flutter:
    :path: Flutter
  flutter_keyboard_visibility:
    :path: ".symlinks/plugins/flutter_keyboard_visibility/ios"
  flutter_native_splash:
    :path: ".symlinks/plugins/flutter_native_splash/ios"
  geocoding_ios:
    :path: ".symlinks/plugins/geocoding_ios/ios"
  geolocator_apple:
    :path: ".symlinks/plugins/geolocator_apple/ios"
  image_picker_ios:
    :path: ".symlinks/plugins/image_picker_ios/ios"
  path_provider_foundation:
    :path: ".symlinks/plugins/path_provider_foundation/darwin"
  share_plus:
    :path: ".symlinks/plugins/share_plus/ios"
  sqflite:
    :path: ".symlinks/plugins/sqflite/ios"
  video_player_avfoundation:
    :path: ".symlinks/plugins/video_player_avfoundation/ios"
  video_thumbnail:
    :path: ".symlinks/plugins/video_thumbnail/ios"

CHECKOUT OPTIONS:
  FirebaseFirestore:
    :git: https://github.com/invertase/firestore-ios-sdk-frameworks.git
    :tag: 10.12.0

SPEC CHECKSUMS:
  audioplayers_darwin: 877d9a4d06331c5c374595e46e16453ac7eafa40
  camerawesome: 1e06540f60158809bc70f398ed1ac2cf93fe4188
  cloud_firestore: 5eef4636d8465937db2049cbeb3e6d61d7c4aafb
  Firebase: 07150e75d142fb9399f6777fa56a187b17f833a0
  firebase_auth: 887426c05a8a301e6432ad1e194f16cc55888a13
  firebase_core: 95539fa56dd47e490677767cd4bdd7bb6831bdf4
  firebase_storage: c2cca5e09abd0b69957e6c10491217773962f0ac
  FirebaseAppCheckInterop: 37884781f3e16a1ba47e7ec80a1e805f987788e3
  FirebaseAuth: a66c1e14ec58f41d154a4b41ce1a23ea00ad4805
  FirebaseAuthInterop: f90d6820bf6ecf44753b9f13ba941902d00b525a
  FirebaseCore: f86a1394906b97ac445ae49c92552a9425831bed
  FirebaseCoreExtension: c08d14c7b22e07994e876d837e6f58642f340087
  FirebaseCoreInternal: b444828ea7cfd594fca83046b95db98a2be4f290
  FirebaseFirestore: 5d42819d1b219bc20e91c0cc854ed562680f31da
  FirebaseStorage: 1d7ca8c8953fc61ccacaa7c612696b5402968a0d
  Flutter: f04841e97a9d0b0a8025694d0796dd46242b2854
  flutter_keyboard_visibility: 0339d06371254c3eb25eeb90ba8d17dca8f9c069
  flutter_native_splash: 52501b97d1c0a5f898d687f1646226c1f93c56ef
  FMDB: 2ce00b547f966261cd18927a3ddb07cb6f3db82a
  geocoding_ios: a389ea40f6f548de6e63006a2e31bf66ff80769a
  geolocator_apple: cc556e6844d508c95df1e87e3ea6fa4e58c50401
  GoogleUtilities: 0759d1a57ebb953965c2dfe0ba4c82e95ccc2e34
  GTMSessionFetcher: 41b9ef0b4c08a6db4b7eb51a21ae5183ec99a2c8
  image_picker_ios: 4a8aadfbb6dc30ad5141a2ce3832af9214a705b5
  JPSVolumeButtonHandler: 53110330c9168ed325def93eabff39f0fe3e8082
  libwebp: 1786c9f4ff8a279e4dac1e8f385004d5fc253009
  nanopb: d4d75c12cd1316f4a64e3c6963f879ecd4b5e0d5
  path_provider_foundation: 29f094ae23ebbca9d3d0cec13889cd9060c0e943
  PromisesObjC: c50d2056b5253dadbd6c2bea79b0674bd5a52fa4
  share_plus: c3fef564749587fc939ef86ffb283ceac0baf9f5
  sqflite: 31f7eba61e3074736dff8807a9b41581e4f7f15a
  video_player_avfoundation: 81e49bb3d9fb63dccf9fa0f6d877dc3ddbeac126
  video_thumbnail: c4e2a3c539e247d4de13cd545344fd2d26ffafd1

PODFILE CHECKSUM: ec8c7d1fce39c6b87bc4fc2796fd2e714e0ebb1e

COCOAPODS: 1.13.0
